// !$*UTF8*$!
{
	archiveVersion = 1;
	classes = {
	};
	objectVersion = 56;
	objects = {

/* Begin PBXBuildFile section */
		116755D6291799CA00FB28CD /* AppDelegate.swift in Sources */ = {isa = PBXBuildFile; fileRef = 116755D5291799CA00FB28CD /* AppDelegate.swift */; };
		116755D8291799CA00FB28CD /* SceneDelegate.swift in Sources */ = {isa = PBXBuildFile; fileRef = 116755D7291799CA00FB28CD /* SceneDelegate.swift */; };
		116755DF291799CA00FB28CD /* Assets.xcassets in Resources */ = {isa = PBXBuildFile; fileRef = 116755DE291799CA00FB28CD /* Assets.xcassets */; };
		116755E2291799CA00FB28CD /* LaunchScreen.storyboard in Resources */ = {isa = PBXBuildFile; fileRef = 116755E0291799CA00FB28CD /* LaunchScreen.storyboard */; };
		116755ED291799CB00FB28CD /* TodoListPresenterTest.swift in Sources */ = {isa = PBXBuildFile; fileRef = 116755EC291799CB00FB28CD /* TodoListPresenterTest.swift */; };
		116755F7291799CB00FB28CD /* viperSampleUITests.swift in Sources */ = {isa = PBXBuildFile; fileRef = 116755F6291799CB00FB28CD /* viperSampleUITests.swift */; };
		116755F9291799CB00FB28CD /* viperSampleUITestsLaunchTests.swift in Sources */ = {isa = PBXBuildFile; fileRef = 116755F8291799CB00FB28CD /* viperSampleUITestsLaunchTests.swift */; };
		116756462917AD2900FB28CD /* DefaultTodoListRouter.swift in Sources */ = {isa = PBXBuildFile; fileRef = 116756452917AD2800FB28CD /* DefaultTodoListRouter.swift */; };
		116756482917B06100FB28CD /* TodoListViewController.swift in Sources */ = {isa = PBXBuildFile; fileRef = 116756472917B06100FB28CD /* TodoListViewController.swift */; };
		1167564A2917B3E900FB28CD /* TransitionProotocol.swift in Sources */ = {isa = PBXBuildFile; fileRef = 116756492917B3E900FB28CD /* TransitionProotocol.swift */; };
		1167564C2917B6CC00FB28CD /* DefaultTodoListPresenter.swift in Sources */ = {isa = PBXBuildFile; fileRef = 1167564B2917B6CC00FB28CD /* DefaultTodoListPresenter.swift */; };
		1167564E2917B79800FB28CD /* TodoOverview.swift in Sources */ = {isa = PBXBuildFile; fileRef = 1167564D2917B79800FB28CD /* TodoOverview.swift */; };
		116756522917BBB800FB28CD /* Todo.swift in Sources */ = {isa = PBXBuildFile; fileRef = 116756512917BBB800FB28CD /* Todo.swift */; };
		116756542917BC8500FB28CD /* DefaultTodoListInteractor.swift in Sources */ = {isa = PBXBuildFile; fileRef = 116756532917BC8500FB28CD /* DefaultTodoListInteractor.swift */; };
		116756562917BD9900FB28CD /* TodoStore.swift in Sources */ = {isa = PBXBuildFile; fileRef = 116756552917BD9900FB28CD /* TodoStore.swift */; };
		116756582917C0C700FB28CD /* DefaultTodoDetailRouter.swift in Sources */ = {isa = PBXBuildFile; fileRef = 116756572917C0C700FB28CD /* DefaultTodoDetailRouter.swift */; };
		116756612917C41400FB28CD /* TodoDetailViewController.swift in Sources */ = {isa = PBXBuildFile; fileRef = 116756602917C41400FB28CD /* TodoDetailViewController.swift */; };
		116756632917C4D900FB28CD /* DefaultTodoDetailPresenter.swift in Sources */ = {isa = PBXBuildFile; fileRef = 116756622917C4D900FB28CD /* DefaultTodoDetailPresenter.swift */; };
		116756652917C5D700FB28CD /* DefaultTodoDetailInteractor.swift in Sources */ = {isa = PBXBuildFile; fileRef = 116756642917C5D700FB28CD /* DefaultTodoDetailInteractor.swift */; };
		116756672917C70B00FB28CD /* TodoDetail.swift in Sources */ = {isa = PBXBuildFile; fileRef = 116756662917C70B00FB28CD /* TodoDetail.swift */; };
		116756692917EB9400FB28CD /* Reloadable.swift in Sources */ = {isa = PBXBuildFile; fileRef = 116756682917EB9400FB28CD /* Reloadable.swift */; };
		1167566E292A188500FB28CD /* Nimble in Frameworks */ = {isa = PBXBuildFile; productRef = 1167566D292A188500FB28CD /* Nimble */; };
		11675671292A18AD00FB28CD /* Quick in Frameworks */ = {isa = PBXBuildFile; productRef = 11675670292A18AD00FB28CD /* Quick */; };
		11675677292A20DA00FB28CD /* SpyTodoListInteractor.swift in Sources */ = {isa = PBXBuildFile; fileRef = 11675676292A20DA00FB28CD /* SpyTodoListInteractor.swift */; };
		11675679292A489100FB28CD /* SpyTodoListRouter.swift in Sources */ = {isa = PBXBuildFile; fileRef = 11675678292A489100FB28CD /* SpyTodoListRouter.swift */; };
		1167567B292A4F3A00FB28CD /* SpyReloadable.swift in Sources */ = {isa = PBXBuildFile; fileRef = 1167567A292A4F3A00FB28CD /* SpyReloadable.swift */; };
		1167567E292A51CD00FB28CD /* TodoBuilder.swift in Sources */ = {isa = PBXBuildFile; fileRef = 1167567D292A51CD00FB28CD /* TodoBuilder.swift */; };
		11675680292B7CF900FB28CD /* TodoListInteractorTest.swift in Sources */ = {isa = PBXBuildFile; fileRef = 1167567F292B7CF800FB28CD /* TodoListInteractorTest.swift */; };
		11675682292B7E1300FB28CD /* SpyPresenterDelegate.swift in Sources */ = {isa = PBXBuildFile; fileRef = 11675681292B7E1300FB28CD /* SpyPresenterDelegate.swift */; };
/* End PBXBuildFile section */

/* Begin PBXContainerItemProxy section */
		116755E9291799CB00FB28CD /* PBXContainerItemProxy */ = {
			isa = PBXContainerItemProxy;
			containerPortal = 116755CA291799CA00FB28CD /* Project object */;
			proxyType = 1;
			remoteGlobalIDString = 116755D1291799CA00FB28CD;
			remoteInfo = viperSample;
		};
		116755F3291799CB00FB28CD /* PBXContainerItemProxy */ = {
			isa = PBXContainerItemProxy;
			containerPortal = 116755CA291799CA00FB28CD /* Project object */;
			proxyType = 1;
			remoteGlobalIDString = 116755D1291799CA00FB28CD;
			remoteInfo = viperSample;
		};
/* End PBXContainerItemProxy section */

/* Begin PBXFileReference section */
		116755D2291799CA00FB28CD /* viperSample.app */ = {isa = PBXFileReference; explicitFileType = wrapper.application; includeInIndex = 0; path = viperSample.app; sourceTree = BUILT_PRODUCTS_DIR; };
		116755D5291799CA00FB28CD /* AppDelegate.swift */ = {isa = PBXFileReference; lastKnownFileType = sourcecode.swift; path = AppDelegate.swift; sourceTree = "<group>"; };
		116755D7291799CA00FB28CD /* SceneDelegate.swift */ = {isa = PBXFileReference; lastKnownFileType = sourcecode.swift; path = SceneDelegate.swift; sourceTree = "<group>"; };
		116755DE291799CA00FB28CD /* Assets.xcassets */ = {isa = PBXFileReference; lastKnownFileType = folder.assetcatalog; path = Assets.xcassets; sourceTree = "<group>"; };
		116755E1291799CA00FB28CD /* Base */ = {isa = PBXFileReference; lastKnownFileType = file.storyboard; name = Base; path = Base.lproj/LaunchScreen.storyboard; sourceTree = "<group>"; };
		116755E3291799CA00FB28CD /* Info.plist */ = {isa = PBXFileReference; lastKnownFileType = text.plist.xml; path = Info.plist; sourceTree = "<group>"; };
		116755E8291799CB00FB28CD /* viperSampleTests.xctest */ = {isa = PBXFileReference; explicitFileType = wrapper.cfbundle; includeInIndex = 0; path = viperSampleTests.xctest; sourceTree = BUILT_PRODUCTS_DIR; };
		116755EC291799CB00FB28CD /* TodoListPresenterTest.swift */ = {isa = PBXFileReference; lastKnownFileType = sourcecode.swift; path = TodoListPresenterTest.swift; sourceTree = "<group>"; };
		116755F2291799CB00FB28CD /* viperSampleUITests.xctest */ = {isa = PBXFileReference; explicitFileType = wrapper.cfbundle; includeInIndex = 0; path = viperSampleUITests.xctest; sourceTree = BUILT_PRODUCTS_DIR; };
		116755F6291799CB00FB28CD /* viperSampleUITests.swift */ = {isa = PBXFileReference; lastKnownFileType = sourcecode.swift; path = viperSampleUITests.swift; sourceTree = "<group>"; };
		116755F8291799CB00FB28CD /* viperSampleUITestsLaunchTests.swift */ = {isa = PBXFileReference; lastKnownFileType = sourcecode.swift; path = viperSampleUITestsLaunchTests.swift; sourceTree = "<group>"; };
		116756452917AD2800FB28CD /* DefaultTodoListRouter.swift */ = {isa = PBXFileReference; lastKnownFileType = sourcecode.swift; path = DefaultTodoListRouter.swift; sourceTree = "<group>"; };
		116756472917B06100FB28CD /* TodoListViewController.swift */ = {isa = PBXFileReference; lastKnownFileType = sourcecode.swift; path = TodoListViewController.swift; sourceTree = "<group>"; };
		116756492917B3E900FB28CD /* TransitionProotocol.swift */ = {isa = PBXFileReference; lastKnownFileType = sourcecode.swift; path = TransitionProotocol.swift; sourceTree = "<group>"; };
		1167564B2917B6CC00FB28CD /* DefaultTodoListPresenter.swift */ = {isa = PBXFileReference; lastKnownFileType = sourcecode.swift; path = DefaultTodoListPresenter.swift; sourceTree = "<group>"; };
		1167564D2917B79800FB28CD /* TodoOverview.swift */ = {isa = PBXFileReference; lastKnownFileType = sourcecode.swift; path = TodoOverview.swift; sourceTree = "<group>"; };
		116756512917BBB800FB28CD /* Todo.swift */ = {isa = PBXFileReference; lastKnownFileType = sourcecode.swift; path = Todo.swift; sourceTree = "<group>"; };
		116756532917BC8500FB28CD /* DefaultTodoListInteractor.swift */ = {isa = PBXFileReference; lastKnownFileType = sourcecode.swift; path = DefaultTodoListInteractor.swift; sourceTree = "<group>"; };
		116756552917BD9900FB28CD /* TodoStore.swift */ = {isa = PBXFileReference; lastKnownFileType = sourcecode.swift; path = TodoStore.swift; sourceTree = "<group>"; };
		116756572917C0C700FB28CD /* DefaultTodoDetailRouter.swift */ = {isa = PBXFileReference; lastKnownFileType = sourcecode.swift; path = DefaultTodoDetailRouter.swift; sourceTree = "<group>"; };
		116756602917C41400FB28CD /* TodoDetailViewController.swift */ = {isa = PBXFileReference; lastKnownFileType = sourcecode.swift; path = TodoDetailViewController.swift; sourceTree = "<group>"; };
		116756622917C4D900FB28CD /* DefaultTodoDetailPresenter.swift */ = {isa = PBXFileReference; lastKnownFileType = sourcecode.swift; path = DefaultTodoDetailPresenter.swift; sourceTree = "<group>"; };
		116756642917C5D700FB28CD /* DefaultTodoDetailInteractor.swift */ = {isa = PBXFileReference; lastKnownFileType = sourcecode.swift; path = DefaultTodoDetailInteractor.swift; sourceTree = "<group>"; };
		116756662917C70B00FB28CD /* TodoDetail.swift */ = {isa = PBXFileReference; lastKnownFileType = sourcecode.swift; path = TodoDetail.swift; sourceTree = "<group>"; };
		116756682917EB9400FB28CD /* Reloadable.swift */ = {isa = PBXFileReference; lastKnownFileType = sourcecode.swift; path = Reloadable.swift; sourceTree = "<group>"; };
		11675676292A20DA00FB28CD /* SpyTodoListInteractor.swift */ = {isa = PBXFileReference; lastKnownFileType = sourcecode.swift; path = SpyTodoListInteractor.swift; sourceTree = "<group>"; };
		11675678292A489100FB28CD /* SpyTodoListRouter.swift */ = {isa = PBXFileReference; lastKnownFileType = sourcecode.swift; path = SpyTodoListRouter.swift; sourceTree = "<group>"; };
		1167567A292A4F3A00FB28CD /* SpyReloadable.swift */ = {isa = PBXFileReference; lastKnownFileType = sourcecode.swift; path = SpyReloadable.swift; sourceTree = "<group>"; };
		1167567D292A51CD00FB28CD /* TodoBuilder.swift */ = {isa = PBXFileReference; lastKnownFileType = sourcecode.swift; path = TodoBuilder.swift; sourceTree = "<group>"; };
		1167567F292B7CF800FB28CD /* TodoListInteractorTest.swift */ = {isa = PBXFileReference; lastKnownFileType = sourcecode.swift; path = TodoListInteractorTest.swift; sourceTree = "<group>"; };
		11675681292B7E1300FB28CD /* SpyPresenterDelegate.swift */ = {isa = PBXFileReference; lastKnownFileType = sourcecode.swift; path = SpyPresenterDelegate.swift; sourceTree = "<group>"; };
/* End PBXFileReference section */

/* Begin PBXFrameworksBuildPhase section */
		116755CF291799CA00FB28CD /* Frameworks */ = {
			isa = PBXFrameworksBuildPhase;
			buildActionMask = 2147483647;
			files = (
			);
			runOnlyForDeploymentPostprocessing = 0;
		};
		116755E5291799CA00FB28CD /* Frameworks */ = {
			isa = PBXFrameworksBuildPhase;
			buildActionMask = 2147483647;
			files = (
				11675671292A18AD00FB28CD /* Quick in Frameworks */,
				1167566E292A188500FB28CD /* Nimble in Frameworks */,
			);
			runOnlyForDeploymentPostprocessing = 0;
		};
		116755EF291799CB00FB28CD /* Frameworks */ = {
			isa = PBXFrameworksBuildPhase;
			buildActionMask = 2147483647;
			files = (
			);
			runOnlyForDeploymentPostprocessing = 0;
		};
/* End PBXFrameworksBuildPhase section */

/* Begin PBXGroup section */
		116755C9291799CA00FB28CD = {
			isa = PBXGroup;
			children = (
				116755D4291799CA00FB28CD /* viperSample */,
				116755EB291799CB00FB28CD /* viperSampleTests */,
				116755F5291799CB00FB28CD /* viperSampleUITests */,
				116755D3291799CA00FB28CD /* Products */,
			);
			sourceTree = "<group>";
		};
		116755D3291799CA00FB28CD /* Products */ = {
			isa = PBXGroup;
			children = (
				116755D2291799CA00FB28CD /* viperSample.app */,
				116755E8291799CB00FB28CD /* viperSampleTests.xctest */,
				116755F2291799CB00FB28CD /* viperSampleUITests.xctest */,
			);
			name = Products;
			sourceTree = "<group>";
		};
		116755D4291799CA00FB28CD /* viperSample */ = {
			isa = PBXGroup;
			children = (
				1167565B2917C2DA00FB28CD /* view */,
				1167565C2917C30900FB28CD /* entity */,
				1167565D2917C34F00FB28CD /* interactor */,
				1167565E2917C36F00FB28CD /* router */,
				1167565F2917C37F00FB28CD /* presenter */,
				116755D5291799CA00FB28CD /* AppDelegate.swift */,
				116755D7291799CA00FB28CD /* SceneDelegate.swift */,
				116756492917B3E900FB28CD /* TransitionProotocol.swift */,
				116755DE291799CA00FB28CD /* Assets.xcassets */,
				116755E0291799CA00FB28CD /* LaunchScreen.storyboard */,
				116755E3291799CA00FB28CD /* Info.plist */,
			);
			path = viperSample;
			sourceTree = "<group>";
		};
		116755EB291799CB00FB28CD /* viperSampleTests */ = {
			isa = PBXGroup;
			children = (
				1167567C292A51BD00FB28CD /* entity */,
				11675675292A1D3300FB28CD /* view */,
				11675674292A1D2900FB28CD /* router */,
				11675673292A1D1800FB28CD /* interactor */,
				11675672292A1CFB00FB28CD /* presenter */,
			);
			path = viperSampleTests;
			sourceTree = "<group>";
		};
		116755F5291799CB00FB28CD /* viperSampleUITests */ = {
			isa = PBXGroup;
			children = (
				116755F6291799CB00FB28CD /* viperSampleUITests.swift */,
				116755F8291799CB00FB28CD /* viperSampleUITestsLaunchTests.swift */,
			);
			path = viperSampleUITests;
			sourceTree = "<group>";
		};
		1167565B2917C2DA00FB28CD /* view */ = {
			isa = PBXGroup;
			children = (
				116756472917B06100FB28CD /* TodoListViewController.swift */,
				116756602917C41400FB28CD /* TodoDetailViewController.swift */,
			);
			path = view;
			sourceTree = "<group>";
		};
		1167565C2917C30900FB28CD /* entity */ = {
			isa = PBXGroup;
			children = (
				116756512917BBB800FB28CD /* Todo.swift */,
				116756662917C70B00FB28CD /* TodoDetail.swift */,
				1167564D2917B79800FB28CD /* TodoOverview.swift */,
			);
			path = entity;
			sourceTree = "<group>";
		};
		1167565D2917C34F00FB28CD /* interactor */ = {
			isa = PBXGroup;
			children = (
				116756552917BD9900FB28CD /* TodoStore.swift */,
				116756642917C5D700FB28CD /* DefaultTodoDetailInteractor.swift */,
				116756532917BC8500FB28CD /* DefaultTodoListInteractor.swift */,
			);
			path = interactor;
			sourceTree = "<group>";
		};
		1167565E2917C36F00FB28CD /* router */ = {
			isa = PBXGroup;
			children = (
				116756572917C0C700FB28CD /* DefaultTodoDetailRouter.swift */,
				116756452917AD2800FB28CD /* DefaultTodoListRouter.swift */,
			);
			path = router;
			sourceTree = "<group>";
		};
		1167565F2917C37F00FB28CD /* presenter */ = {
			isa = PBXGroup;
			children = (
				1167564B2917B6CC00FB28CD /* DefaultTodoListPresenter.swift */,
				116756682917EB9400FB28CD /* Reloadable.swift */,
				116756622917C4D900FB28CD /* DefaultTodoDetailPresenter.swift */,
			);
			path = presenter;
			sourceTree = "<group>";
		};
		11675672292A1CFB00FB28CD /* presenter */ = {
			isa = PBXGroup;
			children = (
				116755EC291799CB00FB28CD /* TodoListPresenterTest.swift */,
				11675681292B7E1300FB28CD /* SpyPresenterDelegate.swift */,
			);
			path = presenter;
			sourceTree = "<group>";
		};
		11675673292A1D1800FB28CD /* interactor */ = {
			isa = PBXGroup;
			children = (
				11675676292A20DA00FB28CD /* SpyTodoListInteractor.swift */,
				1167567F292B7CF800FB28CD /* TodoListInteractorTest.swift */,
			);
			path = interactor;
			sourceTree = "<group>";
		};
		11675674292A1D2900FB28CD /* router */ = {
			isa = PBXGroup;
			children = (
				11675678292A489100FB28CD /* SpyTodoListRouter.swift */,
			);
			path = router;
			sourceTree = "<group>";
		};
		11675675292A1D3300FB28CD /* view */ = {
			isa = PBXGroup;
			children = (
				1167567A292A4F3A00FB28CD /* SpyReloadable.swift */,
			);
			path = view;
			sourceTree = "<group>";
		};
		1167567C292A51BD00FB28CD /* entity */ = {
			isa = PBXGroup;
			children = (
				1167567D292A51CD00FB28CD /* TodoBuilder.swift */,
			);
			path = entity;
			sourceTree = "<group>";
		};
/* End PBXGroup section */

/* Begin PBXNativeTarget section */
		116755D1291799CA00FB28CD /* viperSample */ = {
			isa = PBXNativeTarget;
			buildConfigurationList = 116755FC291799CB00FB28CD /* Build configuration list for PBXNativeTarget "viperSample" */;
			buildPhases = (
				116755CE291799CA00FB28CD /* Sources */,
				116755CF291799CA00FB28CD /* Frameworks */,
				116755D0291799CA00FB28CD /* Resources */,
			);
			buildRules = (
			);
			dependencies = (
			);
			name = viperSample;
			productName = viperSample;
			productReference = 116755D2291799CA00FB28CD /* viperSample.app */;
			productType = "com.apple.product-type.application";
		};
		116755E7291799CA00FB28CD /* viperSampleTests */ = {
			isa = PBXNativeTarget;
			buildConfigurationList = 116755FF291799CB00FB28CD /* Build configuration list for PBXNativeTarget "viperSampleTests" */;
			buildPhases = (
				116755E4291799CA00FB28CD /* Sources */,
				116755E5291799CA00FB28CD /* Frameworks */,
				116755E6291799CA00FB28CD /* Resources */,
			);
			buildRules = (
			);
			dependencies = (
				116755EA291799CB00FB28CD /* PBXTargetDependency */,
			);
			name = viperSampleTests;
			packageProductDependencies = (
				1167566D292A188500FB28CD /* Nimble */,
				11675670292A18AD00FB28CD /* Quick */,
			);
			productName = viperSampleTests;
			productReference = 116755E8291799CB00FB28CD /* viperSampleTests.xctest */;
			productType = "com.apple.product-type.bundle.unit-test";
		};
		116755F1291799CB00FB28CD /* viperSampleUITests */ = {
			isa = PBXNativeTarget;
			buildConfigurationList = 11675602291799CB00FB28CD /* Build configuration list for PBXNativeTarget "viperSampleUITests" */;
			buildPhases = (
				116755EE291799CB00FB28CD /* Sources */,
				116755EF291799CB00FB28CD /* Frameworks */,
				116755F0291799CB00FB28CD /* Resources */,
			);
			buildRules = (
			);
			dependencies = (
				116755F4291799CB00FB28CD /* PBXTargetDependency */,
			);
			name = viperSampleUITests;
			productName = viperSampleUITests;
			productReference = 116755F2291799CB00FB28CD /* viperSampleUITests.xctest */;
			productType = "com.apple.product-type.bundle.ui-testing";
		};
/* End PBXNativeTarget section */

/* Begin PBXProject section */
		116755CA291799CA00FB28CD /* Project object */ = {
			isa = PBXProject;
			attributes = {
				BuildIndependentTargetsInParallel = 1;
				LastSwiftUpdateCheck = 1410;
				LastUpgradeCheck = 1410;
				TargetAttributes = {
					116755D1291799CA00FB28CD = {
						CreatedOnToolsVersion = 14.1;
					};
					116755E7291799CA00FB28CD = {
						CreatedOnToolsVersion = 14.1;
						TestTargetID = 116755D1291799CA00FB28CD;
					};
					116755F1291799CB00FB28CD = {
						CreatedOnToolsVersion = 14.1;
						TestTargetID = 116755D1291799CA00FB28CD;
					};
				};
			};
			buildConfigurationList = 116755CD291799CA00FB28CD /* Build configuration list for PBXProject "viperSample" */;
			compatibilityVersion = "Xcode 14.0";
			developmentRegion = en;
			hasScannedForEncodings = 0;
			knownRegions = (
				en,
				Base,
			);
			mainGroup = 116755C9291799CA00FB28CD;
			packageReferences = (
				1167566C292A188500FB28CD /* XCRemoteSwiftPackageReference "Nimble" */,
				1167566F292A18AD00FB28CD /* XCRemoteSwiftPackageReference "Quick" */,
			);
			productRefGroup = 116755D3291799CA00FB28CD /* Products */;
			projectDirPath = "";
			projectRoot = "";
			targets = (
				116755D1291799CA00FB28CD /* viperSample */,
				116755E7291799CA00FB28CD /* viperSampleTests */,
				116755F1291799CB00FB28CD /* viperSampleUITests */,
			);
		};
/* End PBXProject section */

/* Begin PBXResourcesBuildPhase section */
		116755D0291799CA00FB28CD /* Resources */ = {
			isa = PBXResourcesBuildPhase;
			buildActionMask = 2147483647;
			files = (
				116755E2291799CA00FB28CD /* LaunchScreen.storyboard in Resources */,
				116755DF291799CA00FB28CD /* Assets.xcassets in Resources */,
			);
			runOnlyForDeploymentPostprocessing = 0;
		};
		116755E6291799CA00FB28CD /* Resources */ = {
			isa = PBXResourcesBuildPhase;
			buildActionMask = 2147483647;
			files = (
			);
			runOnlyForDeploymentPostprocessing = 0;
		};
		116755F0291799CB00FB28CD /* Resources */ = {
			isa = PBXResourcesBuildPhase;
			buildActionMask = 2147483647;
			files = (
			);
			runOnlyForDeploymentPostprocessing = 0;
		};
/* End PBXResourcesBuildPhase section */

/* Begin PBXSourcesBuildPhase section */
		116755CE291799CA00FB28CD /* Sources */ = {
			isa = PBXSourcesBuildPhase;
			buildActionMask = 2147483647;
			files = (
				1167564E2917B79800FB28CD /* TodoOverview.swift in Sources */,
				1167564C2917B6CC00FB28CD /* DefaultTodoListPresenter.swift in Sources */,
				116756672917C70B00FB28CD /* TodoDetail.swift in Sources */,
				1167564A2917B3E900FB28CD /* TransitionProotocol.swift in Sources */,
				116755D6291799CA00FB28CD /* AppDelegate.swift in Sources */,
				116756562917BD9900FB28CD /* TodoStore.swift in Sources */,
				116756462917AD2900FB28CD /* DefaultTodoListRouter.swift in Sources */,
				116755D8291799CA00FB28CD /* SceneDelegate.swift in Sources */,
				116756542917BC8500FB28CD /* DefaultTodoListInteractor.swift in Sources */,
				116756482917B06100FB28CD /* TodoListViewController.swift in Sources */,
				116756632917C4D900FB28CD /* DefaultTodoDetailPresenter.swift in Sources */,
				116756692917EB9400FB28CD /* Reloadable.swift in Sources */,
				116756652917C5D700FB28CD /* DefaultTodoDetailInteractor.swift in Sources */,
				116756522917BBB800FB28CD /* Todo.swift in Sources */,
				116756582917C0C700FB28CD /* DefaultTodoDetailRouter.swift in Sources */,
				116756612917C41400FB28CD /* TodoDetailViewController.swift in Sources */,
			);
			runOnlyForDeploymentPostprocessing = 0;
		};
		116755E4291799CA00FB28CD /* Sources */ = {
			isa = PBXSourcesBuildPhase;
			buildActionMask = 2147483647;
			files = (
				11675682292B7E1300FB28CD /* SpyPresenterDelegate.swift in Sources */,
				11675680292B7CF900FB28CD /* TodoListInteractorTest.swift in Sources */,
				116755ED291799CB00FB28CD /* TodoListPresenterTest.swift in Sources */,
				1167567E292A51CD00FB28CD /* TodoBuilder.swift in Sources */,
				1167567B292A4F3A00FB28CD /* SpyReloadable.swift in Sources */,
				11675679292A489100FB28CD /* SpyTodoListRouter.swift in Sources */,
				11675677292A20DA00FB28CD /* SpyTodoListInteractor.swift in Sources */,
			);
			runOnlyForDeploymentPostprocessing = 0;
		};
		116755EE291799CB00FB28CD /* Sources */ = {
			isa = PBXSourcesBuildPhase;
			buildActionMask = 2147483647;
			files = (
				116755F7291799CB00FB28CD /* viperSampleUITests.swift in Sources */,
				116755F9291799CB00FB28CD /* viperSampleUITestsLaunchTests.swift in Sources */,
			);
			runOnlyForDeploymentPostprocessing = 0;
		};
/* End PBXSourcesBuildPhase section */

/* Begin PBXTargetDependency section */
		116755EA291799CB00FB28CD /* PBXTargetDependency */ = {
			isa = PBXTargetDependency;
			target = 116755D1291799CA00FB28CD /* viperSample */;
			targetProxy = 116755E9291799CB00FB28CD /* PBXContainerItemProxy */;
		};
		116755F4291799CB00FB28CD /* PBXTargetDependency */ = {
			isa = PBXTargetDependency;
			target = 116755D1291799CA00FB28CD /* viperSample */;
			targetProxy = 116755F3291799CB00FB28CD /* PBXContainerItemProxy */;
		};
/* End PBXTargetDependency section */

/* Begin PBXVariantGroup section */
		116755E0291799CA00FB28CD /* LaunchScreen.storyboard */ = {
			isa = PBXVariantGroup;
			children = (
				116755E1291799CA00FB28CD /* Base */,
			);
			name = LaunchScreen.storyboard;
			sourceTree = "<group>";
		};
/* End PBXVariantGroup section */

/* Begin XCBuildConfiguration section */
		116755FA291799CB00FB28CD /* Debug */ = {
			isa = XCBuildConfiguration;
			buildSettings = {
				ALWAYS_SEARCH_USER_PATHS = NO;
				CLANG_ANALYZER_NONNULL = YES;
				CLANG_ANALYZER_NUMBER_OBJECT_CONVERSION = YES_AGGRESSIVE;
				CLANG_CXX_LANGUAGE_STANDARD = "gnu++20";
				CLANG_ENABLE_MODULES = YES;
				CLANG_ENABLE_OBJC_ARC = YES;
				CLANG_ENABLE_OBJC_WEAK = YES;
				CLANG_WARN_BLOCK_CAPTURE_AUTORELEASING = YES;
				CLANG_WARN_BOOL_CONVERSION = YES;
				CLANG_WARN_COMMA = YES;
				CLANG_WARN_CONSTANT_CONVERSION = YES;
				CLANG_WARN_DEPRECATED_OBJC_IMPLEMENTATIONS = YES;
				CLANG_WARN_DIRECT_OBJC_ISA_USAGE = YES_ERROR;
				CLANG_WARN_DOCUMENTATION_COMMENTS = YES;
				CLANG_WARN_EMPTY_BODY = YES;
				CLANG_WARN_ENUM_CONVERSION = YES;
				CLANG_WARN_INFINITE_RECURSION = YES;
				CLANG_WARN_INT_CONVERSION = YES;
				CLANG_WARN_NON_LITERAL_NULL_CONVERSION = YES;
				CLANG_WARN_OBJC_IMPLICIT_RETAIN_SELF = YES;
				CLANG_WARN_OBJC_LITERAL_CONVERSION = YES;
				CLANG_WARN_OBJC_ROOT_CLASS = YES_ERROR;
				CLANG_WARN_QUOTED_INCLUDE_IN_FRAMEWORK_HEADER = YES;
				CLANG_WARN_RANGE_LOOP_ANALYSIS = YES;
				CLANG_WARN_STRICT_PROTOTYPES = YES;
				CLANG_WARN_SUSPICIOUS_MOVE = YES;
				CLANG_WARN_UNGUARDED_AVAILABILITY = YES_AGGRESSIVE;
				CLANG_WARN_UNREACHABLE_CODE = YES;
				CLANG_WARN__DUPLICATE_METHOD_MATCH = YES;
				COPY_PHASE_STRIP = NO;
				DEBUG_INFORMATION_FORMAT = dwarf;
				ENABLE_STRICT_OBJC_MSGSEND = YES;
				ENABLE_TESTABILITY = YES;
				GCC_C_LANGUAGE_STANDARD = gnu11;
				GCC_DYNAMIC_NO_PIC = NO;
				GCC_NO_COMMON_BLOCKS = YES;
				GCC_OPTIMIZATION_LEVEL = 0;
				GCC_PREPROCESSOR_DEFINITIONS = (
					"DEBUG=1",
					"$(inherited)",
				);
				GCC_WARN_64_TO_32_BIT_CONVERSION = YES;
				GCC_WARN_ABOUT_RETURN_TYPE = YES_ERROR;
				GCC_WARN_UNDECLARED_SELECTOR = YES;
				GCC_WARN_UNINITIALIZED_AUTOS = YES_AGGRESSIVE;
				GCC_WARN_UNUSED_FUNCTION = YES;
				GCC_WARN_UNUSED_VARIABLE = YES;
				IPHONEOS_DEPLOYMENT_TARGET = 16.1;
				MTL_ENABLE_DEBUG_INFO = INCLUDE_SOURCE;
				MTL_FAST_MATH = YES;
				ONLY_ACTIVE_ARCH = YES;
				SDKROOT = iphoneos;
				SWIFT_ACTIVE_COMPILATION_CONDITIONS = DEBUG;
				SWIFT_OPTIMIZATION_LEVEL = "-Onone";
			};
			name = Debug;
		};
		116755FB291799CB00FB28CD /* Release */ = {
			isa = XCBuildConfiguration;
			buildSettings = {
				ALWAYS_SEARCH_USER_PATHS = NO;
				CLANG_ANALYZER_NONNULL = YES;
				CLANG_ANALYZER_NUMBER_OBJECT_CONVERSION = YES_AGGRESSIVE;
				CLANG_CXX_LANGUAGE_STANDARD = "gnu++20";
				CLANG_ENABLE_MODULES = YES;
				CLANG_ENABLE_OBJC_ARC = YES;
				CLANG_ENABLE_OBJC_WEAK = YES;
				CLANG_WARN_BLOCK_CAPTURE_AUTORELEASING = YES;
				CLANG_WARN_BOOL_CONVERSION = YES;
				CLANG_WARN_COMMA = YES;
				CLANG_WARN_CONSTANT_CONVERSION = YES;
				CLANG_WARN_DEPRECATED_OBJC_IMPLEMENTATIONS = YES;
				CLANG_WARN_DIRECT_OBJC_ISA_USAGE = YES_ERROR;
				CLANG_WARN_DOCUMENTATION_COMMENTS = YES;
				CLANG_WARN_EMPTY_BODY = YES;
				CLANG_WARN_ENUM_CONVERSION = YES;
				CLANG_WARN_INFINITE_RECURSION = YES;
				CLANG_WARN_INT_CONVERSION = YES;
				CLANG_WARN_NON_LITERAL_NULL_CONVERSION = YES;
				CLANG_WARN_OBJC_IMPLICIT_RETAIN_SELF = YES;
				CLANG_WARN_OBJC_LITERAL_CONVERSION = YES;
				CLANG_WARN_OBJC_ROOT_CLASS = YES_ERROR;
				CLANG_WARN_QUOTED_INCLUDE_IN_FRAMEWORK_HEADER = YES;
				CLANG_WARN_RANGE_LOOP_ANALYSIS = YES;
				CLANG_WARN_STRICT_PROTOTYPES = YES;
				CLANG_WARN_SUSPICIOUS_MOVE = YES;
				CLANG_WARN_UNGUARDED_AVAILABILITY = YES_AGGRESSIVE;
				CLANG_WARN_UNREACHABLE_CODE = YES;
				CLANG_WARN__DUPLICATE_METHOD_MATCH = YES;
				COPY_PHASE_STRIP = NO;
				DEBUG_INFORMATION_FORMAT = "dwarf-with-dsym";
				ENABLE_NS_ASSERTIONS = NO;
				ENABLE_STRICT_OBJC_MSGSEND = YES;
				GCC_C_LANGUAGE_STANDARD = gnu11;
				GCC_NO_COMMON_BLOCKS = YES;
				GCC_WARN_64_TO_32_BIT_CONVERSION = YES;
				GCC_WARN_ABOUT_RETURN_TYPE = YES_ERROR;
				GCC_WARN_UNDECLARED_SELECTOR = YES;
				GCC_WARN_UNINITIALIZED_AUTOS = YES_AGGRESSIVE;
				GCC_WARN_UNUSED_FUNCTION = YES;
				GCC_WARN_UNUSED_VARIABLE = YES;
				IPHONEOS_DEPLOYMENT_TARGET = 16.1;
				MTL_ENABLE_DEBUG_INFO = NO;
				MTL_FAST_MATH = YES;
				SDKROOT = iphoneos;
				SWIFT_COMPILATION_MODE = wholemodule;
				SWIFT_OPTIMIZATION_LEVEL = "-O";
				VALIDATE_PRODUCT = YES;
			};
			name = Release;
		};
		116755FD291799CB00FB28CD /* Debug */ = {
			isa = XCBuildConfiguration;
			buildSettings = {
				ASSETCATALOG_COMPILER_APPICON_NAME = AppIcon;
				ASSETCATALOG_COMPILER_GLOBAL_ACCENT_COLOR_NAME = AccentColor;
				CODE_SIGN_STYLE = Automatic;
				CURRENT_PROJECT_VERSION = 1;
				DEVELOPMENT_TEAM = 575NKNQV6Z;
				GENERATE_INFOPLIST_FILE = YES;
				INFOPLIST_FILE = viperSample/Info.plist;
				INFOPLIST_KEY_UIApplicationSupportsIndirectInputEvents = YES;
				INFOPLIST_KEY_UILaunchStoryboardName = LaunchScreen;
				INFOPLIST_KEY_UISupportedInterfaceOrientations_iPad = "UIInterfaceOrientationPortrait UIInterfaceOrientationPortraitUpsideDown UIInterfaceOrientationLandscapeLeft UIInterfaceOrientationLandscapeRight";
				INFOPLIST_KEY_UISupportedInterfaceOrientations_iPhone = "UIInterfaceOrientationPortrait UIInterfaceOrientationLandscapeLeft UIInterfaceOrientationLandscapeRight";
				LD_RUNPATH_SEARCH_PATHS = (
					"$(inherited)",
					"@executable_path/Frameworks",
				);
				MARKETING_VERSION = 1.0;
				PRODUCT_BUNDLE_IDENTIFIER = sk.viperSample;
				PRODUCT_NAME = "$(TARGET_NAME)";
				SWIFT_EMIT_LOC_STRINGS = YES;
				SWIFT_VERSION = 5.0;
				TARGETED_DEVICE_FAMILY = "1,2";
			};
			name = Debug;
		};
		116755FE291799CB00FB28CD /* Release */ = {
			isa = XCBuildConfiguration;
			buildSettings = {
				ASSETCATALOG_COMPILER_APPICON_NAME = AppIcon;
				ASSETCATALOG_COMPILER_GLOBAL_ACCENT_COLOR_NAME = AccentColor;
				CODE_SIGN_STYLE = Automatic;
				CURRENT_PROJECT_VERSION = 1;
				DEVELOPMENT_TEAM = 575NKNQV6Z;
				GENERATE_INFOPLIST_FILE = YES;
				INFOPLIST_FILE = viperSample/Info.plist;
				INFOPLIST_KEY_UIApplicationSupportsIndirectInputEvents = YES;
				INFOPLIST_KEY_UILaunchStoryboardName = LaunchScreen;
				INFOPLIST_KEY_UISupportedInterfaceOrientations_iPad = "UIInterfaceOrientationPortrait UIInterfaceOrientationPortraitUpsideDown UIInterfaceOrientationLandscapeLeft UIInterfaceOrientationLandscapeRight";
				INFOPLIST_KEY_UISupportedInterfaceOrientations_iPhone = "UIInterfaceOrientationPortrait UIInterfaceOrientationLandscapeLeft UIInterfaceOrientationLandscapeRight";
				LD_RUNPATH_SEARCH_PATHS = (
					"$(inherited)",
					"@executable_path/Frameworks",
				);
				MARKETING_VERSION = 1.0;
				PRODUCT_BUNDLE_IDENTIFIER = sk.viperSample;
				PRODUCT_NAME = "$(TARGET_NAME)";
				SWIFT_EMIT_LOC_STRINGS = YES;
				SWIFT_VERSION = 5.0;
				TARGETED_DEVICE_FAMILY = "1,2";
			};
			name = Release;
		};
		11675600291799CB00FB28CD /* Debug */ = {
			isa = XCBuildConfiguration;
			buildSettings = {
				ALWAYS_EMBED_SWIFT_STANDARD_LIBRARIES = YES;
				BUNDLE_LOADER = "$(TEST_HOST)";
				CODE_SIGN_STYLE = Automatic;
				CURRENT_PROJECT_VERSION = 1;
				DEVELOPMENT_TEAM = 575NKNQV6Z;
				GENERATE_INFOPLIST_FILE = YES;
				IPHONEOS_DEPLOYMENT_TARGET = 16.1;
				MARKETING_VERSION = 1.0;
				PRODUCT_BUNDLE_IDENTIFIER = sk.viperSampleTests;
				PRODUCT_NAME = "$(TARGET_NAME)";
				SWIFT_EMIT_LOC_STRINGS = NO;
				SWIFT_VERSION = 5.0;
				TARGETED_DEVICE_FAMILY = "1,2";
				TEST_HOST = "$(BUILT_PRODUCTS_DIR)/viperSample.app/$(BUNDLE_EXECUTABLE_FOLDER_PATH)/viperSample";
			};
			name = Debug;
		};
		11675601291799CB00FB28CD /* Release */ = {
			isa = XCBuildConfiguration;
			buildSettings = {
				ALWAYS_EMBED_SWIFT_STANDARD_LIBRARIES = YES;
				BUNDLE_LOADER = "$(TEST_HOST)";
				CODE_SIGN_STYLE = Automatic;
				CURRENT_PROJECT_VERSION = 1;
				DEVELOPMENT_TEAM = 575NKNQV6Z;
				GENERATE_INFOPLIST_FILE = YES;
				IPHONEOS_DEPLOYMENT_TARGET = 16.1;
				MARKETING_VERSION = 1.0;
				PRODUCT_BUNDLE_IDENTIFIER = sk.viperSampleTests;
				PRODUCT_NAME = "$(TARGET_NAME)";
				SWIFT_EMIT_LOC_STRINGS = NO;
				SWIFT_VERSION = 5.0;
				TARGETED_DEVICE_FAMILY = "1,2";
				TEST_HOST = "$(BUILT_PRODUCTS_DIR)/viperSample.app/$(BUNDLE_EXECUTABLE_FOLDER_PATH)/viperSample";
			};
			name = Release;
		};
		11675603291799CB00FB28CD /* Debug */ = {
			isa = XCBuildConfiguration;
			buildSettings = {
				ALWAYS_EMBED_SWIFT_STANDARD_LIBRARIES = YES;
				CODE_SIGN_STYLE = Automatic;
				CURRENT_PROJECT_VERSION = 1;
				DEVELOPMENT_TEAM = 575NKNQV6Z;
				GENERATE_INFOPLIST_FILE = YES;
				MARKETING_VERSION = 1.0;
				PRODUCT_BUNDLE_IDENTIFIER = sk.viperSampleUITests;
				PRODUCT_NAME = "$(TARGET_NAME)";
				SWIFT_EMIT_LOC_STRINGS = NO;
				SWIFT_VERSION = 5.0;
				TARGETED_DEVICE_FAMILY = "1,2";
				TEST_TARGET_NAME = viperSample;
			};
			name = Debug;
		};
		11675604291799CB00FB28CD /* Release */ = {
			isa = XCBuildConfiguration;
			buildSettings = {
				ALWAYS_EMBED_SWIFT_STANDARD_LIBRARIES = YES;
				CODE_SIGN_STYLE = Automatic;
				CURRENT_PROJECT_VERSION = 1;
				DEVELOPMENT_TEAM = 575NKNQV6Z;
				GENERATE_INFOPLIST_FILE = YES;
				MARKETING_VERSION = 1.0;
				PRODUCT_BUNDLE_IDENTIFIER = sk.viperSampleUITests;
				PRODUCT_NAME = "$(TARGET_NAME)";
				SWIFT_EMIT_LOC_STRINGS = NO;
				SWIFT_VERSION = 5.0;
				TARGETED_DEVICE_FAMILY = "1,2";
				TEST_TARGET_NAME = viperSample;
			};
			name = Release;
		};
/* End XCBuildConfiguration section */

/* Begin XCConfigurationList section */
		116755CD291799CA00FB28CD /* Build configuration list for PBXProject "viperSample" */ = {
			isa = XCConfigurationList;
			buildConfigurations = (
				116755FA291799CB00FB28CD /* Debug */,
				116755FB291799CB00FB28CD /* Release */,
			);
			defaultConfigurationIsVisible = 0;
			defaultConfigurationName = Release;
		};
		116755FC291799CB00FB28CD /* Build configuration list for PBXNativeTarget "viperSample" */ = {
			isa = XCConfigurationList;
			buildConfigurations = (
				116755FD291799CB00FB28CD /* Debug */,
				116755FE291799CB00FB28CD /* Release */,
			);
			defaultConfigurationIsVisible = 0;
			defaultConfigurationName = Release;
		};
		116755FF291799CB00FB28CD /* Build configuration list for PBXNativeTarget "viperSampleTests" */ = {
			isa = XCConfigurationList;
			buildConfigurations = (
				11675600291799CB00FB28CD /* Debug */,
				11675601291799CB00FB28CD /* Release */,
			);
			defaultConfigurationIsVisible = 0;
			defaultConfigurationName = Release;
		};
		11675602291799CB00FB28CD /* Build configuration list for PBXNativeTarget "viperSampleUITests" */ = {
			isa = XCConfigurationList;
			buildConfigurations = (
				11675603291799CB00FB28CD /* Debug */,
				11675604291799CB00FB28CD /* Release */,
			);
			defaultConfigurationIsVisible = 0;
			defaultConfigurationName = Release;
		};
/* End XCConfigurationList section */

/* Begin XCRemoteSwiftPackageReference section */
		1167566C292A188500FB28CD /* XCRemoteSwiftPackageReference "Nimble" */ = {
			isa = XCRemoteSwiftPackageReference;
			repositoryURL = "https://github.com/Quick/Nimble.git";
			requirement = {
				branch = main;
				kind = branch;
			};
		};
		1167566F292A18AD00FB28CD /* XCRemoteSwiftPackageReference "Quick" */ = {
			isa = XCRemoteSwiftPackageReference;
			repositoryURL = "https://github.com/Quick/Quick.git";
			requirement = {
				branch = main;
				kind = branch;
			};
		};
/* End XCRemoteSwiftPackageReference section */

/* Begin XCSwiftPackageProductDependency section */
		1167566D292A188500FB28CD /* Nimble */ = {
			isa = XCSwiftPackageProductDependency;
			package = 1167566C292A188500FB28CD /* XCRemoteSwiftPackageReference "Nimble" */;
			productName = Nimble;
		};
		11675670292A18AD00FB28CD /* Quick */ = {
			isa = XCSwiftPackageProductDependency;
			package = 1167566F292A18AD00FB28CD /* XCRemoteSwiftPackageReference "Quick" */;
			productName = Quick;
		};
/* End XCSwiftPackageProductDependency section */
	};
	rootObject = 116755CA291799CA00FB28CD /* Project object */;
}
